
Microsoft Visual Studio Solution File, Format Version 12.00
# Visual Studio 15
VisualStudioVersion = 15.0.27130.2036
MinimumVisualStudioVersion = 10.0.40219.1
Project("{2150E333-8FDC-42A3-9474-1A3956D46DE8}") = "Trunk", "Trunk", "{5319863D-C67A-4681-8BDF-907B48F91419}"
EndProject
Project("{2150E333-8FDC-42A3-9474-1A3956D46DE8}") = "System", "System", "{6FF6092F-8E74-4082-9CA1-BF7F5765FF37}"
EndProject
Project("{FAE04EC0-301F-11D3-BF4B-00C04F79EFBC}") = "Data", "Trunk\Data\Data.csproj", "{0544DD7D-B257-4C20-B349-374CA007D8E1}"
EndProject
Project("{FAE04EC0-301F-11D3-BF4B-00C04F79EFBC}") = "UserInterface", "Trunk\UserInterface\UserInterface.csproj", "{D23F140C-3D8A-44F2-82FF-D3689D64B8CE}"
EndProject
Project("{FAE04EC0-301F-11D3-BF4B-00C04F79EFBC}") = "Themes", "Trunk\Themes\Themes.csproj", "{891A8FE3-FAFE-4F3C-B8C5-D53E4C4478F5}"
EndProject
Project("{2150E333-8FDC-42A3-9474-1A3956D46DE8}") = "Assets", "Assets", "{BCECFFDC-66FF-4E77-88C5-8F473511D463}"
EndProject
Project("{FAE04EC0-301F-11D3-BF4B-00C04F79EFBC}") = "AssetMaintenance", "Trunk\Assets\AssetMaintenance\AssetMaintenance.csproj", "{82AFB7D7-82E7-4B86-AE77-FB5161EDB9C0}"
EndProject
Project("{FAE04EC0-301F-11D3-BF4B-00C04F79EFBC}") = "MainMenu", "Trunk\System\MainMenu\MainMenu.csproj", "{9F0B50C4-6AB1-44D2-B7C2-7C06ED7F21FC}"
EndProject
Project("{FAE04EC0-301F-11D3-BF4B-00C04F79EFBC}") = "ControlMaintenance", "Trunk\System\ControlMaintenance\ControlMaintenance.csproj", "{9B4EE9B0-3B42-4030-99FB-A7DF60364AF1}"
EndProject
Project("{9A19103F-16F7-4668-BE54-9A1E7A4F7556}") = "WebPortal", "Trunk\WebPortal\WebPortal.csproj", "{45CAD3C5-BCDC-4F38-ADC1-8DE19E2E80C5}"
EndProject
Global
	GlobalSection(SolutionConfigurationPlatforms) = preSolution
		Debug|Any CPU = Debug|Any CPU
		Debug|x86 = Debug|x86
		Release|Any CPU = Release|Any CPU
		Release|x86 = Release|x86
	EndGlobalSection
	GlobalSection(ProjectConfigurationPlatforms) = postSolution
		{0544DD7D-B257-4C20-B349-374CA007D8E1}.Debug|Any CPU.ActiveCfg = Debug|Any CPU
		{0544DD7D-B257-4C20-B349-374CA007D8E1}.Debug|Any CPU.Build.0 = Debug|Any CPU
		{0544DD7D-B257-4C20-B349-374CA007D8E1}.Debug|x86.ActiveCfg = Debug|x86
		{0544DD7D-B257-4C20-B349-374CA007D8E1}.Debug|x86.Build.0 = Debug|x86
		{0544DD7D-B257-4C20-B349-374CA007D8E1}.Release|Any CPU.ActiveCfg = Release|Any CPU
		{0544DD7D-B257-4C20-B349-374CA007D8E1}.Release|Any CPU.Build.0 = Release|Any CPU
		{0544DD7D-B257-4C20-B349-374CA007D8E1}.Release|x86.ActiveCfg = Release|x86
		{0544DD7D-B257-4C20-B349-374CA007D8E1}.Release|x86.Build.0 = Release|x86
		{D23F140C-3D8A-44F2-82FF-D3689D64B8CE}.Debug|Any CPU.ActiveCfg = Debug|Any CPU
		{D23F140C-3D8A-44F2-82FF-D3689D64B8CE}.Debug|Any CPU.Build.0 = Debug|Any CPU
		{D23F140C-3D8A-44F2-82FF-D3689D64B8CE}.Debug|x86.ActiveCfg = Debug|x86
		{D23F140C-3D8A-44F2-82FF-D3689D64B8CE}.Debug|x86.Build.0 = Debug|x86
		{D23F140C-3D8A-44F2-82FF-D3689D64B8CE}.Release|Any CPU.ActiveCfg = Release|Any CPU
		{D23F140C-3D8A-44F2-82FF-D3689D64B8CE}.Release|Any CPU.Build.0 = Release|Any CPU
		{D23F140C-3D8A-44F2-82FF-D3689D64B8CE}.Release|x86.ActiveCfg = Release|x86
		{D23F140C-3D8A-44F2-82FF-D3689D64B8CE}.Release|x86.Build.0 = Release|x86
		{891A8FE3-FAFE-4F3C-B8C5-D53E4C4478F5}.Debug|Any CPU.ActiveCfg = Debug|Any CPU
		{891A8FE3-FAFE-4F3C-B8C5-D53E4C4478F5}.Debug|Any CPU.Build.0 = Debug|Any CPU
		{891A8FE3-FAFE-4F3C-B8C5-D53E4C4478F5}.Debug|x86.ActiveCfg = Debug|x86
		{891A8FE3-FAFE-4F3C-B8C5-D53E4C4478F5}.Debug|x86.Build.0 = Debug|x86
		{891A8FE3-FAFE-4F3C-B8C5-D53E4C4478F5}.Release|Any CPU.ActiveCfg = Release|Any CPU
		{891A8FE3-FAFE-4F3C-B8C5-D53E4C4478F5}.Release|Any CPU.Build.0 = Release|Any CPU
		{891A8FE3-FAFE-4F3C-B8C5-D53E4C4478F5}.Release|x86.ActiveCfg = Release|Any CPU
		{891A8FE3-FAFE-4F3C-B8C5-D53E4C4478F5}.Release|x86.Build.0 = Release|Any CPU
		{82AFB7D7-82E7-4B86-AE77-FB5161EDB9C0}.Debug|Any CPU.ActiveCfg = Debug|Any CPU
		{82AFB7D7-82E7-4B86-AE77-FB5161EDB9C0}.Debug|Any CPU.Build.0 = Debug|Any CPU
		{82AFB7D7-82E7-4B86-AE77-FB5161EDB9C0}.Debug|x86.ActiveCfg = Debug|x86
		{82AFB7D7-82E7-4B86-AE77-FB5161EDB9C0}.Debug|x86.Build.0 = Debug|x86
		{82AFB7D7-82E7-4B86-AE77-FB5161EDB9C0}.Release|Any CPU.ActiveCfg = Release|Any CPU
		{82AFB7D7-82E7-4B86-AE77-FB5161EDB9C0}.Release|Any CPU.Build.0 = Release|Any CPU
		{82AFB7D7-82E7-4B86-AE77-FB5161EDB9C0}.Release|x86.ActiveCfg = Release|Any CPU
		{82AFB7D7-82E7-4B86-AE77-FB5161EDB9C0}.Release|x86.Build.0 = Release|Any CPU
		{9F0B50C4-6AB1-44D2-B7C2-7C06ED7F21FC}.Debug|Any CPU.ActiveCfg = Debug|Any CPU
		{9F0B50C4-6AB1-44D2-B7C2-7C06ED7F21FC}.Debug|Any CPU.Build.0 = Debug|Any CPU
		{9F0B50C4-6AB1-44D2-B7C2-7C06ED7F21FC}.Debug|x86.ActiveCfg = Debug|x86
		{9F0B50C4-6AB1-44D2-B7C2-7C06ED7F21FC}.Debug|x86.Build.0 = Debug|x86
		{9F0B50C4-6AB1-44D2-B7C2-7C06ED7F21FC}.Release|Any CPU.ActiveCfg = Release|Any CPU
		{9F0B50C4-6AB1-44D2-B7C2-7C06ED7F21FC}.Release|Any CPU.Build.0 = Release|Any CPU
		{9F0B50C4-6AB1-44D2-B7C2-7C06ED7F21FC}.Release|x86.ActiveCfg = Release|Any CPU
		{9F0B50C4-6AB1-44D2-B7C2-7C06ED7F21FC}.Release|x86.Build.0 = Release|Any CPU
		{9B4EE9B0-3B42-4030-99FB-A7DF60364AF1}.Debug|Any CPU.ActiveCfg = Debug|Any CPU
		{9B4EE9B0-3B42-4030-99FB-A7DF60364AF1}.Debug|Any CPU.Build.0 = Debug|Any CPU
		{9B4EE9B0-3B42-4030-99FB-A7DF60364AF1}.Debug|x86.ActiveCfg = Debug|x86
		{9B4EE9B0-3B42-4030-99FB-A7DF60364AF1}.Debug|x86.Build.0 = Debug|x86
		{9B4EE9B0-3B42-4030-99FB-A7DF60364AF1}.Release|Any CPU.ActiveCfg = Release|Any CPU
		{9B4EE9B0-3B42-4030-99FB-A7DF60364AF1}.Release|Any CPU.Build.0 = Release|Any CPU
		{9B4EE9B0-3B42-4030-99FB-A7DF60364AF1}.Release|x86.ActiveCfg = Release|Any CPU
		{9B4EE9B0-3B42-4030-99FB-A7DF60364AF1}.Release|x86.Build.0 = Release|Any CPU
		{45CAD3C5-BCDC-4F38-ADC1-8DE19E2E80C5}.Debug|Any CPU.ActiveCfg = Debug|Any CPU
		{45CAD3C5-BCDC-4F38-ADC1-8DE19E2E80C5}.Debug|Any CPU.Build.0 = Debug|Any CPU
		{45CAD3C5-BCDC-4F38-ADC1-8DE19E2E80C5}.Debug|x86.ActiveCfg = Debug|x86
		{45CAD3C5-BCDC-4F38-ADC1-8DE19E2E80C5}.Debug|x86.Build.0 = Debug|x86
		{45CAD3C5-BCDC-4F38-ADC1-8DE19E2E80C5}.Release|Any CPU.ActiveCfg = Release|Any CPU
		{45CAD3C5-BCDC-4F38-ADC1-8DE19E2E80C5}.Release|Any CPU.Build.0 = Release|Any CPU
		{45CAD3C5-BCDC-4F38-ADC1-8DE19E2E80C5}.Release|x86.ActiveCfg = Release|Any CPU
		{45CAD3C5-BCDC-4F38-ADC1-8DE19E2E80C5}.Release|x86.Build.0 = Release|Any CPU
	EndGlobalSection
	GlobalSection(SolutionProperties) = preSolution
		HideSolutionNode = FALSE
	EndGlobalSection
	GlobalSection(NestedProjects) = preSolution
		{6FF6092F-8E74-4082-9CA1-BF7F5765FF37} = {5319863D-C67A-4681-8BDF-907B48F91419}
		{0544DD7D-B257-4C20-B349-374CA007D8E1} = {5319863D-C67A-4681-8BDF-907B48F91419}
		{D23F140C-3D8A-44F2-82FF-D3689D64B8CE} = {5319863D-C67A-4681-8BDF-907B48F91419}
		{891A8FE3-FAFE-4F3C-B8C5-D53E4C4478F5} = {5319863D-C67A-4681-8BDF-907B48F91419}
		{BCECFFDC-66FF-4E77-88C5-8F473511D463} = {5319863D-C67A-4681-8BDF-907B48F91419}
		{82AFB7D7-82E7-4B86-AE77-FB5161EDB9C0} = {BCECFFDC-66FF-4E77-88C5-8F473511D463}
		{9F0B50C4-6AB1-44D2-B7C2-7C06ED7F21FC} = {6FF6092F-8E74-4082-9CA1-BF7F5765FF37}
		{9B4EE9B0-3B42-4030-99FB-A7DF60364AF1} = {6FF6092F-8E74-4082-9CA1-BF7F5765FF37}
		{45CAD3C5-BCDC-4F38-ADC1-8DE19E2E80C5} = {5319863D-C67A-4681-8BDF-907B48F91419}
	EndGlobalSection
	GlobalSection(ExtensibilityGlobals) = postSolution
		SolutionGuid = {E3624629-67CC-475E-BC27-6E0416A1ADE8}
	EndGlobalSection
EndGlobal
